
Microsoft Visual Studio Solution File, Format Version 12.00
# Visual Studio Version 17
VisualStudioVersion = 17.13.35818.85 d17.13
MinimumVisualStudioVersion = 10.0.40219.1
Project("{FAE04EC0-301F-11D3-BF4B-00C04F79EFBC}") = "LabTask0000", "LabTask0000\LabTask0000.csproj", "{420C7C7F-6CB0-4714-B49B-A4EA8D8E2105}"
EndProject
Global
	GlobalSection(SolutionConfigurationPlatforms) = preSolution
		Debug|Any CPU = Debug|Any CPU
		Release|Any CPU = Release|Any CPU
	EndGlobalSection
	GlobalSection(ProjectConfigurationPlatforms) = postSolution
		{420C7C7F-6CB0-4714-B49B-A4EA8D8E2105}.Debug|Any CPU.ActiveCfg = Debug|Any CPU
		{420C7C7F-6CB0-4714-B49B-A4EA8D8E2105}.Debug|Any CPU.Build.0 = Debug|Any CPU
		{420C7C7F-6CB0-4714-B49B-A4EA8D8E2105}.Release|Any CPU.ActiveCfg = Release|Any CPU
		{420C7C7F-6CB0-4714-B49B-A4EA8D8E2105}.Release|Any CPU.Build.0 = Release|Any CPU
	EndGlobalSection
	GlobalSection(SolutionProperties) = preSolution
		HideSolutionNode = FALSE
	EndGlobalSection
	GlobalSection(ExtensibilityGlobals) = postSolution
		SolutionGuid = {7994E7F9-D357-4EBB-90CC-F82D42F72736}
	EndGlobalSection
EndGlobal
