
Microsoft Visual Studio Solution File, Format Version 12.00
# Visual Studio Version 17
VisualStudioVersion = 17.13.35818.85 d17.13
MinimumVisualStudioVersion = 10.0.40219.1
Project("{FAE04EC0-301F-11D3-BF4B-00C04F79EFBC}") = "Lab", "Lab\Lab.csproj", "{4C230EB2-E0DC-4D9B-92C7-43066CA6334B}"
EndProject
Global
	GlobalSection(SolutionConfigurationPlatforms) = preSolution
		Debug|Any CPU = Debug|Any CPU
		Release|Any CPU = Release|Any CPU
	EndGlobalSection
	GlobalSection(ProjectConfigurationPlatforms) = postSolution
		{4C230EB2-E0DC-4D9B-92C7-43066CA6334B}.Debug|Any CPU.ActiveCfg = Debug|Any CPU
		{4C230EB2-E0DC-4D9B-92C7-43066CA6334B}.Debug|Any CPU.Build.0 = Debug|Any CPU
		{4C230EB2-E0DC-4D9B-92C7-43066CA6334B}.Release|Any CPU.ActiveCfg = Release|Any CPU
		{4C230EB2-E0DC-4D9B-92C7-43066CA6334B}.Release|Any CPU.Build.0 = Release|Any CPU
	EndGlobalSection
	GlobalSection(SolutionProperties) = preSolution
		HideSolutionNode = FALSE
	EndGlobalSection
	GlobalSection(ExtensibilityGlobals) = postSolution
		SolutionGuid = {ED9513D6-6A69-44A4-9F54-9DB2E7C28D6C}
	EndGlobalSection
EndGlobal
